
Microsoft Visual Studio Solution File, Format Version 12.00
# Visual Studio 15
VisualStudioVersion = 15.0.27703.2042
MinimumVisualStudioVersion = 10.0.40219.1
Project("{FAE04EC0-301F-11D3-BF4B-00C04F79EFBC}") = "TestCI.Android", "TestCI\TestCI.Android\TestCI.Android.csproj", "{9D6E04B1-697D-43DC-9F2E-4157DF38A18C}"
EndProject
Project("{D954291E-2A0B-460D-934E-DC6B0785DB48}") = "TestCI", "TestCI\TestCI\TestCI.shproj", "{75AB443C-6B81-408F-BC6A-E673637639C7}"
EndProject
Project("{FAE04EC0-301F-11D3-BF4B-00C04F79EFBC}") = "UITest_TestCI", "UITest_TestCI\UITest_TestCI.csproj", "{B19C892E-2628-4CA7-AD27-08D406A3B14B}"
EndProject
Project("{2150E333-8FDC-42A3-9474-1A3956D46DE8}") = "Tests", "Tests", "{A8305896-38CF-4CF6-A87F-291349C9CAEC}"
EndProject
Project("{FAE04EC0-301F-11D3-BF4B-00C04F79EFBC}") = "UnitTestProject1", "UnitTestProject1\UnitTestProject1.csproj", "{8ACA7DA8-1658-4870-9B93-2E56596AD578}"
EndProject
Global
	GlobalSection(SharedMSBuildProjectFiles) = preSolution
		TestCI\TestCI\TestCI.projitems*{75ab443c-6b81-408f-bc6a-e673637639c7}*SharedItemsImports = 13
		TestCI\TestCI\TestCI.projitems*{9d6e04b1-697d-43dc-9f2e-4157df38a18c}*SharedItemsImports = 4
	EndGlobalSection
	GlobalSection(SolutionConfigurationPlatforms) = preSolution
		Debug|Any CPU = Debug|Any CPU
		Release|Any CPU = Release|Any CPU
	EndGlobalSection
	GlobalSection(ProjectConfigurationPlatforms) = postSolution
		{9D6E04B1-697D-43DC-9F2E-4157DF38A18C}.Debug|Any CPU.ActiveCfg = Debug|Any CPU
		{9D6E04B1-697D-43DC-9F2E-4157DF38A18C}.Debug|Any CPU.Build.0 = Debug|Any CPU
		{9D6E04B1-697D-43DC-9F2E-4157DF38A18C}.Debug|Any CPU.Deploy.0 = Debug|Any CPU
		{9D6E04B1-697D-43DC-9F2E-4157DF38A18C}.Release|Any CPU.ActiveCfg = Release|Any CPU
		{9D6E04B1-697D-43DC-9F2E-4157DF38A18C}.Release|Any CPU.Build.0 = Release|Any CPU
		{9D6E04B1-697D-43DC-9F2E-4157DF38A18C}.Release|Any CPU.Deploy.0 = Release|Any CPU
		{B19C892E-2628-4CA7-AD27-08D406A3B14B}.Debug|Any CPU.ActiveCfg = Debug|Any CPU
		{B19C892E-2628-4CA7-AD27-08D406A3B14B}.Debug|Any CPU.Build.0 = Debug|Any CPU
		{B19C892E-2628-4CA7-AD27-08D406A3B14B}.Release|Any CPU.ActiveCfg = Release|Any CPU
		{B19C892E-2628-4CA7-AD27-08D406A3B14B}.Release|Any CPU.Build.0 = Release|Any CPU
		{8ACA7DA8-1658-4870-9B93-2E56596AD578}.Debug|Any CPU.ActiveCfg = Debug|Any CPU
		{8ACA7DA8-1658-4870-9B93-2E56596AD578}.Debug|Any CPU.Build.0 = Debug|Any CPU
		{8ACA7DA8-1658-4870-9B93-2E56596AD578}.Release|Any CPU.ActiveCfg = Release|Any CPU
		{8ACA7DA8-1658-4870-9B93-2E56596AD578}.Release|Any CPU.Build.0 = Release|Any CPU
	EndGlobalSection
	GlobalSection(SolutionProperties) = preSolution
		HideSolutionNode = FALSE
	EndGlobalSection
	GlobalSection(NestedProjects) = preSolution
		{B19C892E-2628-4CA7-AD27-08D406A3B14B} = {A8305896-38CF-4CF6-A87F-291349C9CAEC}
		{8ACA7DA8-1658-4870-9B93-2E56596AD578} = {A8305896-38CF-4CF6-A87F-291349C9CAEC}
	EndGlobalSection
	GlobalSection(ExtensibilityGlobals) = postSolution
		SolutionGuid = {DF3A1224-ACBB-4E24-8689-F0358505A9A9}
	EndGlobalSection
EndGlobal
